<?xml version="1.0" encoding="UTF-8"?>
<CodeBlocks_project_file>
	<FileVersion major="1" minor="6"/>
	<Project>
		<Option title="UQCreator"/>
		<Option makefile_is_custom="1"/>
		<Option compiler="gcc"/>
		<Option virtualFolders="CMake Files\;CMake Files\..\;CMake Files\..\build-src-Desktop-Default\;CMake Files\..\build-src-Desktop-Default\blaze\;CMake Files\..\build-src-Desktop-Default\blaze\tmp\;CMake Files\..\build-src-Desktop-Default\cpptoml\;CMake Files\..\build-src-Desktop-Default\cpptoml\tmp\;CMake Files\..\build-src-Desktop-Default\gnuplot-iostream\;CMake Files\..\build-src-Desktop-Default\gnuplot-iostream\tmp\;CMake Files\..\build-src-Desktop-Default\matplotlib-cpp\;CMake Files\..\build-src-Desktop-Default\matplotlib-cpp\tmp\;"/>
		<Build>
			<Target title="all">
				<Option working_dir="/home/jonas/Projects/UQCreator/code/build-src-Desktop-Default"/>
				<Option type="4"/>
				<MakeCommands>
					<Build command="/usr/bin/make -j4 -f &quot;/home/jonas/Projects/UQCreator/code/build-src-Desktop-Default/Makefile&quot;  VERBOSE=1 all"/>
					<CompileFile command="/usr/bin/make -j4 -f &quot;/home/jonas/Projects/UQCreator/code/build-src-Desktop-Default/Makefile&quot;  VERBOSE=1 &quot;$file&quot;"/>
					<Clean command="/usr/bin/make -j4 -f &quot;/home/jonas/Projects/UQCreator/code/build-src-Desktop-Default/Makefile&quot;  VERBOSE=1 clean"/>
					<DistClean command="/usr/bin/make -j4 -f &quot;/home/jonas/Projects/UQCreator/code/build-src-Desktop-Default/Makefile&quot;  VERBOSE=1 clean"/>
				</MakeCommands>
			</Target>
			<Target title="rebuild_cache">
				<Option working_dir="/home/jonas/Projects/UQCreator/code/build-src-Desktop-Default"/>
				<Option type="4"/>
				<MakeCommands>
					<Build command="/usr/bin/make -j4 -f &quot;/home/jonas/Projects/UQCreator/code/build-src-Desktop-Default/Makefile&quot;  VERBOSE=1 rebuild_cache"/>
					<CompileFile command="/usr/bin/make -j4 -f &quot;/home/jonas/Projects/UQCreator/code/build-src-Desktop-Default/Makefile&quot;  VERBOSE=1 &quot;$file&quot;"/>
					<Clean command="/usr/bin/make -j4 -f &quot;/home/jonas/Projects/UQCreator/code/build-src-Desktop-Default/Makefile&quot;  VERBOSE=1 clean"/>
					<DistClean command="/usr/bin/make -j4 -f &quot;/home/jonas/Projects/UQCreator/code/build-src-Desktop-Default/Makefile&quot;  VERBOSE=1 clean"/>
				</MakeCommands>
			</Target>
			<Target title="blaze">
				<Option working_dir="/home/jonas/Projects/UQCreator/code/build-src-Desktop-Default"/>
				<Option type="4"/>
				<MakeCommands>
					<Build command="/usr/bin/make -j4 -f &quot;/home/jonas/Projects/UQCreator/code/build-src-Desktop-Default/Makefile&quot;  VERBOSE=1 blaze"/>
					<CompileFile command="/usr/bin/make -j4 -f &quot;/home/jonas/Projects/UQCreator/code/build-src-Desktop-Default/Makefile&quot;  VERBOSE=1 &quot;$file&quot;"/>
					<Clean command="/usr/bin/make -j4 -f &quot;/home/jonas/Projects/UQCreator/code/build-src-Desktop-Default/Makefile&quot;  VERBOSE=1 clean"/>
					<DistClean command="/usr/bin/make -j4 -f &quot;/home/jonas/Projects/UQCreator/code/build-src-Desktop-Default/Makefile&quot;  VERBOSE=1 clean"/>
				</MakeCommands>
			</Target>
			<Target title="cpptoml">
				<Option working_dir="/home/jonas/Projects/UQCreator/code/build-src-Desktop-Default"/>
				<Option type="4"/>
				<MakeCommands>
					<Build command="/usr/bin/make -j4 -f &quot;/home/jonas/Projects/UQCreator/code/build-src-Desktop-Default/Makefile&quot;  VERBOSE=1 cpptoml"/>
					<CompileFile command="/usr/bin/make -j4 -f &quot;/home/jonas/Projects/UQCreator/code/build-src-Desktop-Default/Makefile&quot;  VERBOSE=1 &quot;$file&quot;"/>
					<Clean command="/usr/bin/make -j4 -f &quot;/home/jonas/Projects/UQCreator/code/build-src-Desktop-Default/Makefile&quot;  VERBOSE=1 clean"/>
					<DistClean command="/usr/bin/make -j4 -f &quot;/home/jonas/Projects/UQCreator/code/build-src-Desktop-Default/Makefile&quot;  VERBOSE=1 clean"/>
				</MakeCommands>
			</Target>
			<Target title="UQCreator">
				<Option output="/home/jonas/Projects/UQCreator/code/bin/UQCreator" prefix_auto="0" extension_auto="0"/>
				<Option working_dir="../bin/"/>
				<Option object_output="./"/>
				<Option type="1"/>
				<Option compiler="gcc"/>
				<Compiler>
					<Add option="-DNDEBUG"/>
					<Add directory="/usr/include/python2.7"/>
					<Add directory="/home/jonas/Projects/UQCreator/code/build-src-Desktop-Default/blaze/include"/>
					<Add directory="/home/jonas/Projects/UQCreator/code/build-src-Desktop-Default/cpptoml/src/cpptoml/include"/>
					<Add directory="/home/jonas/Projects/UQCreator/code/build-src-Desktop-Default/gnuplot-iostream/src/gnuplot-iostream"/>
					<Add directory="/home/jonas/Projects/UQCreator/code/build-src-Desktop-Default/matplotlib-cpp/src/matplotlib-cpp"/>
					<Add directory="/usr/lib/gcc/x86_64-pc-linux-gnu/7.2.0/../../../../include/c++/7.2.0"/>
					<Add directory="/usr/lib/gcc/x86_64-pc-linux-gnu/7.2.0/../../../../include/c++/7.2.0/x86_64-pc-linux-gnu"/>
					<Add directory="/usr/lib/gcc/x86_64-pc-linux-gnu/7.2.0/../../../../include/c++/7.2.0/backward"/>
					<Add directory="/usr/lib/gcc/x86_64-pc-linux-gnu/7.2.0/include"/>
					<Add directory="/usr/local/include"/>
					<Add directory="/usr/lib/gcc/x86_64-pc-linux-gnu/7.2.0/include-fixed"/>
					<Add directory="/usr/include"/>
				</Compiler>
				<MakeCommands>
					<Build command="/usr/bin/make -j4 -f &quot;/home/jonas/Projects/UQCreator/code/build-src-Desktop-Default/Makefile&quot;  VERBOSE=1 UQCreator"/>
					<CompileFile command="/usr/bin/make -j4 -f &quot;/home/jonas/Projects/UQCreator/code/build-src-Desktop-Default/Makefile&quot;  VERBOSE=1 &quot;$file&quot;"/>
					<Clean command="/usr/bin/make -j4 -f &quot;/home/jonas/Projects/UQCreator/code/build-src-Desktop-Default/Makefile&quot;  VERBOSE=1 clean"/>
					<DistClean command="/usr/bin/make -j4 -f &quot;/home/jonas/Projects/UQCreator/code/build-src-Desktop-Default/Makefile&quot;  VERBOSE=1 clean"/>
				</MakeCommands>
			</Target>
			<Target title="UQCreator/fast">
				<Option output="/home/jonas/Projects/UQCreator/code/bin/UQCreator" prefix_auto="0" extension_auto="0"/>
				<Option working_dir="../bin/"/>
				<Option object_output="./"/>
				<Option type="1"/>
				<Option compiler="gcc"/>
				<Compiler>
					<Add option="-DNDEBUG"/>
					<Add directory="/usr/include/python2.7"/>
					<Add directory="/home/jonas/Projects/UQCreator/code/build-src-Desktop-Default/blaze/include"/>
					<Add directory="/home/jonas/Projects/UQCreator/code/build-src-Desktop-Default/cpptoml/src/cpptoml/include"/>
					<Add directory="/home/jonas/Projects/UQCreator/code/build-src-Desktop-Default/gnuplot-iostream/src/gnuplot-iostream"/>
					<Add directory="/home/jonas/Projects/UQCreator/code/build-src-Desktop-Default/matplotlib-cpp/src/matplotlib-cpp"/>
					<Add directory="/usr/lib/gcc/x86_64-pc-linux-gnu/7.2.0/../../../../include/c++/7.2.0"/>
					<Add directory="/usr/lib/gcc/x86_64-pc-linux-gnu/7.2.0/../../../../include/c++/7.2.0/x86_64-pc-linux-gnu"/>
					<Add directory="/usr/lib/gcc/x86_64-pc-linux-gnu/7.2.0/../../../../include/c++/7.2.0/backward"/>
					<Add directory="/usr/lib/gcc/x86_64-pc-linux-gnu/7.2.0/include"/>
					<Add directory="/usr/local/include"/>
					<Add directory="/usr/lib/gcc/x86_64-pc-linux-gnu/7.2.0/include-fixed"/>
					<Add directory="/usr/include"/>
				</Compiler>
				<MakeCommands>
					<Build command="/usr/bin/make -j4 -f &quot;/home/jonas/Projects/UQCreator/code/build-src-Desktop-Default/Makefile&quot;  VERBOSE=1 UQCreator/fast"/>
					<CompileFile command="/usr/bin/make -j4 -f &quot;/home/jonas/Projects/UQCreator/code/build-src-Desktop-Default/Makefile&quot;  VERBOSE=1 &quot;$file&quot;"/>
					<Clean command="/usr/bin/make -j4 -f &quot;/home/jonas/Projects/UQCreator/code/build-src-Desktop-Default/Makefile&quot;  VERBOSE=1 clean"/>
					<DistClean command="/usr/bin/make -j4 -f &quot;/home/jonas/Projects/UQCreator/code/build-src-Desktop-Default/Makefile&quot;  VERBOSE=1 clean"/>
				</MakeCommands>
			</Target>
			<Target title="gnuplot-iostream">
				<Option working_dir="/home/jonas/Projects/UQCreator/code/build-src-Desktop-Default"/>
				<Option type="4"/>
				<MakeCommands>
					<Build command="/usr/bin/make -j4 -f &quot;/home/jonas/Projects/UQCreator/code/build-src-Desktop-Default/Makefile&quot;  VERBOSE=1 gnuplot-iostream"/>
					<CompileFile command="/usr/bin/make -j4 -f &quot;/home/jonas/Projects/UQCreator/code/build-src-Desktop-Default/Makefile&quot;  VERBOSE=1 &quot;$file&quot;"/>
					<Clean command="/usr/bin/make -j4 -f &quot;/home/jonas/Projects/UQCreator/code/build-src-Desktop-Default/Makefile&quot;  VERBOSE=1 clean"/>
					<DistClean command="/usr/bin/make -j4 -f &quot;/home/jonas/Projects/UQCreator/code/build-src-Desktop-Default/Makefile&quot;  VERBOSE=1 clean"/>
				</MakeCommands>
			</Target>
			<Target title="matplotlib-cpp">
				<Option working_dir="/home/jonas/Projects/UQCreator/code/build-src-Desktop-Default"/>
				<Option type="4"/>
				<MakeCommands>
					<Build command="/usr/bin/make -j4 -f &quot;/home/jonas/Projects/UQCreator/code/build-src-Desktop-Default/Makefile&quot;  VERBOSE=1 matplotlib-cpp"/>
					<CompileFile command="/usr/bin/make -j4 -f &quot;/home/jonas/Projects/UQCreator/code/build-src-Desktop-Default/Makefile&quot;  VERBOSE=1 &quot;$file&quot;"/>
					<Clean command="/usr/bin/make -j4 -f &quot;/home/jonas/Projects/UQCreator/code/build-src-Desktop-Default/Makefile&quot;  VERBOSE=1 clean"/>
					<DistClean command="/usr/bin/make -j4 -f &quot;/home/jonas/Projects/UQCreator/code/build-src-Desktop-Default/Makefile&quot;  VERBOSE=1 clean"/>
				</MakeCommands>
			</Target>
			<Target title="edit_cache">
				<Option working_dir="/home/jonas/Projects/UQCreator/code/build-src-Desktop-Default"/>
				<Option type="4"/>
				<MakeCommands>
					<Build command="/usr/bin/make -j4 -f &quot;/home/jonas/Projects/UQCreator/code/build-src-Desktop-Default/Makefile&quot;  VERBOSE=1 edit_cache"/>
					<CompileFile command="/usr/bin/make -j4 -f &quot;/home/jonas/Projects/UQCreator/code/build-src-Desktop-Default/Makefile&quot;  VERBOSE=1 &quot;$file&quot;"/>
					<Clean command="/usr/bin/make -j4 -f &quot;/home/jonas/Projects/UQCreator/code/build-src-Desktop-Default/Makefile&quot;  VERBOSE=1 clean"/>
					<DistClean command="/usr/bin/make -j4 -f &quot;/home/jonas/Projects/UQCreator/code/build-src-Desktop-Default/Makefile&quot;  VERBOSE=1 clean"/>
				</MakeCommands>
			</Target>
		</Build>
		<Unit filename="/home/jonas/Projects/UQCreator/code/src/burgers.cpp">
			<Option target="UQCreator"/>
		</Unit>
		<Unit filename="/home/jonas/Projects/UQCreator/code/src/burgers.h">
			<Option target="UQCreator"/>
		</Unit>
		<Unit filename="/home/jonas/Projects/UQCreator/code/src/closure.cpp">
			<Option target="UQCreator"/>
		</Unit>
		<Unit filename="/home/jonas/Projects/UQCreator/code/src/closure.h">
			<Option target="UQCreator"/>
		</Unit>
		<Unit filename="/home/jonas/Projects/UQCreator/code/src/gnuplotlib.cpp">
			<Option target="UQCreator"/>
		</Unit>
		<Unit filename="/home/jonas/Projects/UQCreator/code/src/gnuplotlib.h">
			<Option target="UQCreator"/>
		</Unit>
		<Unit filename="/home/jonas/Projects/UQCreator/code/src/hermite.cpp">
			<Option target="UQCreator"/>
		</Unit>
		<Unit filename="/home/jonas/Projects/UQCreator/code/src/hermite.h">
			<Option target="UQCreator"/>
		</Unit>
		<Unit filename="/home/jonas/Projects/UQCreator/code/src/legendre.cpp">
			<Option target="UQCreator"/>
		</Unit>
		<Unit filename="/home/jonas/Projects/UQCreator/code/src/legendre.h">
			<Option target="UQCreator"/>
		</Unit>
		<Unit filename="/home/jonas/Projects/UQCreator/code/src/limiter.cpp">
			<Option target="UQCreator"/>
		</Unit>
		<Unit filename="/home/jonas/Projects/UQCreator/code/src/limiter.h">
			<Option target="UQCreator"/>
		</Unit>
		<Unit filename="/home/jonas/Projects/UQCreator/code/src/main.cpp">
			<Option target="UQCreator"/>
		</Unit>
		<Unit filename="/home/jonas/Projects/UQCreator/code/src/mathtools.cpp">
			<Option target="UQCreator"/>
		</Unit>
		<Unit filename="/home/jonas/Projects/UQCreator/code/src/mathtools.h">
			<Option target="UQCreator"/>
		</Unit>
		<Unit filename="/home/jonas/Projects/UQCreator/code/src/mesh.cpp">
			<Option target="UQCreator"/>
		</Unit>
		<Unit filename="/home/jonas/Projects/UQCreator/code/src/mesh.h">
			<Option target="UQCreator"/>
		</Unit>
		<Unit filename="/home/jonas/Projects/UQCreator/code/src/minmod.cpp">
			<Option target="UQCreator"/>
		</Unit>
		<Unit filename="/home/jonas/Projects/UQCreator/code/src/minmod.h">
			<Option target="UQCreator"/>
		</Unit>
		<Unit filename="/home/jonas/Projects/UQCreator/code/src/momentsolver.cpp">
			<Option target="UQCreator"/>
		</Unit>
		<Unit filename="/home/jonas/Projects/UQCreator/code/src/momentsolver.h">
			<Option target="UQCreator"/>
		</Unit>
		<Unit filename="/home/jonas/Projects/UQCreator/code/src/nolimiter.cpp">
			<Option target="UQCreator"/>
		</Unit>
		<Unit filename="/home/jonas/Projects/UQCreator/code/src/nolimiter.h">
			<Option target="UQCreator"/>
		</Unit>
		<Unit filename="/home/jonas/Projects/UQCreator/code/src/plotengine.cpp">
			<Option target="UQCreator"/>
		</Unit>
		<Unit filename="/home/jonas/Projects/UQCreator/code/src/plotengine.h">
			<Option target="UQCreator"/>
		</Unit>
		<Unit filename="/home/jonas/Projects/UQCreator/code/src/polynomial.cpp">
			<Option target="UQCreator"/>
		</Unit>
		<Unit filename="/home/jonas/Projects/UQCreator/code/src/polynomial.h">
			<Option target="UQCreator"/>
		</Unit>
		<Unit filename="/home/jonas/Projects/UQCreator/code/src/problem.cpp">
			<Option target="UQCreator"/>
		</Unit>
		<Unit filename="/home/jonas/Projects/UQCreator/code/src/problem.h">
			<Option target="UQCreator"/>
		</Unit>
		<Unit filename="/home/jonas/Projects/UQCreator/code/src/thetamethod.cpp">
			<Option target="UQCreator"/>
		</Unit>
		<Unit filename="/home/jonas/Projects/UQCreator/code/src/thetamethod.h">
			<Option target="UQCreator"/>
		</Unit>
		<Unit filename="/home/jonas/Projects/UQCreator/code/src/timesolver.cpp">
			<Option target="UQCreator"/>
		</Unit>
		<Unit filename="/home/jonas/Projects/UQCreator/code/src/timesolver.h">
			<Option target="UQCreator"/>
		</Unit>
		<Unit filename="/home/jonas/Projects/UQCreator/code/src/CMakeLists.txt">
			<Option virtualFolder="CMake Files\"/>
		</Unit>
		<Unit filename="/home/jonas/Projects/UQCreator/code/src/../build-src-Desktop-Default/blaze/tmp/blaze-cfgcmd.txt.in">
			<Option virtualFolder="CMake Files\..\build-src-Desktop-Default\blaze\tmp\"/>
		</Unit>
		<Unit filename="/home/jonas/Projects/UQCreator/code/src/../build-src-Desktop-Default/cpptoml/tmp/cpptoml-cfgcmd.txt.in">
			<Option virtualFolder="CMake Files\..\build-src-Desktop-Default\cpptoml\tmp\"/>
		</Unit>
		<Unit filename="/home/jonas/Projects/UQCreator/code/src/../build-src-Desktop-Default/gnuplot-iostream/tmp/gnuplot-iostream-cfgcmd.txt.in">
			<Option virtualFolder="CMake Files\..\build-src-Desktop-Default\gnuplot-iostream\tmp\"/>
		</Unit>
		<Unit filename="/home/jonas/Projects/UQCreator/code/src/../build-src-Desktop-Default/matplotlib-cpp/tmp/matplotlib-cpp-cfgcmd.txt.in">
			<Option virtualFolder="CMake Files\..\build-src-Desktop-Default\matplotlib-cpp\tmp\"/>
		</Unit>
	</Project>
</CodeBlocks_project_file>
